
Microsoft Visual Studio Solution File, Format Version 12.00
# Visual Studio Version 16
VisualStudioVersion = 16.0.29613.14
MinimumVisualStudioVersion = 10.0.40219.1
Project("{FAE04EC0-301F-11D3-BF4B-00C04F79EFBC}") = "websocket-sharp-core", "websocket-sharp-core\websocket-sharp-core.csproj", "{37AC9B85-1759-470F-922D-F71AC49ED4BA}"
EndProject
Global
	GlobalSection(SolutionConfigurationPlatforms) = preSolution
		Debug_Ubuntu|Any CPU = Debug_Ubuntu|Any CPU
		Debug|Any CPU = Debug|Any CPU
		Release_Ubuntu|Any CPU = Release_Ubuntu|Any CPU
		Release|Any CPU = Release|Any CPU
	EndGlobalSection
	GlobalSection(ProjectConfigurationPlatforms) = postSolution
		{37AC9B85-1759-470F-922D-F71AC49ED4BA}.Debug_Ubuntu|Any CPU.ActiveCfg = Debug|Any CPU
		{37AC9B85-1759-470F-922D-F71AC49ED4BA}.Debug_Ubuntu|Any CPU.Build.0 = Debug|Any CPU
		{37AC9B85-1759-470F-922D-F71AC49ED4BA}.Debug|Any CPU.ActiveCfg = Debug|Any CPU
		{37AC9B85-1759-470F-922D-F71AC49ED4BA}.Debug|Any CPU.Build.0 = Debug|Any CPU
		{37AC9B85-1759-470F-922D-F71AC49ED4BA}.Release_Ubuntu|Any CPU.ActiveCfg = Release|Any CPU
		{37AC9B85-1759-470F-922D-F71AC49ED4BA}.Release_Ubuntu|Any CPU.Build.0 = Release|Any CPU
		{37AC9B85-1759-470F-922D-F71AC49ED4BA}.Release|Any CPU.ActiveCfg = Release|Any CPU
		{37AC9B85-1759-470F-922D-F71AC49ED4BA}.Release|Any CPU.Build.0 = Release|Any CPU
	EndGlobalSection
	GlobalSection(SolutionProperties) = preSolution
		HideSolutionNode = FALSE
	EndGlobalSection
	GlobalSection(ExtensibilityGlobals) = postSolution
		SolutionGuid = {49A21385-B502-4EA4-906D-B9EA7F6613C7}
	EndGlobalSection
	GlobalSection(MonoDevelopProperties) = preSolution
		StartupItem = websocket-sharp\websocket-sharp.csproj
		Policies = $0
		$0.TextStylePolicy = $1
		$1.inheritsSet = null
		$1.scope = text/x-csharp
		$0.CSharpFormattingPolicy = $2
		$2.inheritsSet = Mono
		$2.inheritsScope = text/x-csharp
		$2.scope = text/x-csharp
	EndGlobalSection
EndGlobal
